PODS:
  - RuntimeEnvironment (1.0.3)

DEPENDENCIES:
  - RuntimeEnvironment (~> 1.0)

SPEC REPOS:
  https://github.com/cocoapods/specs.git:
    - RuntimeEnvironment

SPEC CHECKSUMS:
  RuntimeEnvironment: c22e5e27496fd8ab4c1ace865e40014b6025d407

PODFILE CHECKSUM: a600c6867963e167ca22af7f8cee34d171ccd1f8

COCOAPODS: 1.6.0.beta.2
